// !$*UTF8*$!
{
	archiveVersion = 1;
	classes = {
	};
	objectVersion = 46;
	objects = {

/* Begin PBXBuildFile section */
		1D60589F0D05DD5A006BFB54 /* Foundation.framework in Frameworks */ = {isa = PBXBuildFile; fileRef = 1D30AB110D05D00D00671497 /* Foundation.framework */; };
		1DF5F4E00D08C38300B7A737 /* UIKit.framework in Frameworks */ = {isa = PBXBuildFile; fileRef = 1DF5F4DF0D08C38300B7A737 /* UIKit.framework */; };
		288765FD0DF74451002DB57D /* CoreGraphics.framework in Frameworks */ = {isa = PBXBuildFile; fileRef = 288765FC0DF74451002DB57D /* CoreGraphics.framework */; };
		5326AEA810A23A0500278DE6 /* CoreLocation.framework in Frameworks */ = {isa = PBXBuildFile; fileRef = 5326AEA710A23A0500278DE6 /* CoreLocation.framework */; };
		53F323EB10A20EDB00E0DAE4 /* OpenAL.framework in Frameworks */ = {isa = PBXBuildFile; fileRef = 53F323EA10A20EDB00E0DAE4 /* OpenAL.framework */; };
		678E130817951530005B6D19 /* Icon@2x.png in Resources */ = {isa = PBXBuildFile; fileRef = 678E130717951530005B6D19 /* Icon@2x.png */; };
		678E130A17951536005B6D19 /* Icon.png in Resources */ = {isa = PBXBuildFile; fileRef = 678E130917951536005B6D19 /* Icon.png */; };
		678E130C1795153C005B6D19 /* Default.png in Resources */ = {isa = PBXBuildFile; fileRef = 678E130B1795153C005B6D19 /* Default.png */; };
		678E130E17951540005B6D19 /* Default@2x.png in Resources */ = {isa = PBXBuildFile; fileRef = 678E130D17951540005B6D19 /* Default@2x.png */; };
		678E131017951549005B6D19 /* Default-568h@2x~iphone.png in Resources */ = {isa = PBXBuildFile; fileRef = 678E130F17951549005B6D19 /* Default-568h@2x~iphone.png */; };
		8BA84A841ACD2DDF007278D7 /* .gitignore in Resources */ = {isa = PBXBuildFile; fileRef = 8BA849B61ACD2DDE007278D7 /* .gitignore */; };
		8BA84A901ACD2DDF007278D7 /* README.md in Sources */ = {isa = PBXBuildFile; fileRef = 8BA849CF1ACD2DDF007278D7 /* README.md */; };
		8BA84A911ACD2DDF007278D7 /* ofxAssets.cpp in Sources */ = {isa = PBXBuildFile; fileRef = 8BA849D11ACD2DDF007278D7 /* ofxAssets.cpp */; };
		8BA84A921ACD2DDF007278D7 /* .gitignore in Resources */ = {isa = PBXBuildFile; fileRef = 8BA849D41ACD2DDF007278D7 /* .gitignore */; };
		8BA84A991ACD2DDF007278D7 /* README.md in Sources */ = {isa = PBXBuildFile; fileRef = 8BA849E41ACD2DDF007278D7 /* README.md */; };
		8BA84A9B1ACD2DDF007278D7 /* .gitignore in Resources */ = {isa = PBXBuildFile; fileRef = 8BA849EA1ACD2DDF007278D7 /* .gitignore */; };
		8BA84A9C1ACD2DDF007278D7 /* swisop3.ttf in Resources */ = {isa = PBXBuildFile; fileRef = 8BA849EF1ACD2DDF007278D7 /* swisop3.ttf */; };
		8BA84A9D1ACD2DDF007278D7 /* Controller.cpp in Sources */ = {isa = PBXBuildFile; fileRef = 8BA849F21ACD2DDF007278D7 /* Controller.cpp */; };
		8BA84A9E1ACD2DDF007278D7 /* Element.cpp in Sources */ = {isa = PBXBuildFile; fileRef = 8BA849F41ACD2DDF007278D7 /* Element.cpp */; };
		8BA84A9F1ACD2DDF007278D7 /* Button.cpp in Sources */ = {isa = PBXBuildFile; fileRef = 8BA849F71ACD2DDF007278D7 /* Button.cpp */; };
		8BA84AA01ACD2DDF007278D7 /* Canvas.cpp in Sources */ = {isa = PBXBuildFile; fileRef = 8BA849F91ACD2DDF007278D7 /* Canvas.cpp */; };
		8BA84AA11ACD2DDF007278D7 /* MultiSelect.cpp in Sources */ = {isa = PBXBuildFile; fileRef = 8BA849FB1ACD2DDF007278D7 /* MultiSelect.cpp */; };
		8BA84AA21ACD2DDF007278D7 /* Touch.cpp in Sources */ = {isa = PBXBuildFile; fileRef = 8BA849FD1ACD2DDF007278D7 /* Touch.cpp */; };
		8BA84AA31ACD2DDF007278D7 /* changelog.txt in Resources */ = {isa = PBXBuildFile; fileRef = 8BA84A011ACD2DDF007278D7 /* changelog.txt */; };
		8BA84AA41ACD2DDF007278D7 /* LICENSE.txt in Resources */ = {isa = PBXBuildFile; fileRef = 8BA84A021ACD2DDF007278D7 /* LICENSE.txt */; };
		8BA84AA51ACD2DDF007278D7 /* ofxMultiTouch.cpp in Sources */ = {isa = PBXBuildFile; fileRef = 8BA84A041ACD2DDF007278D7 /* ofxMultiTouch.cpp */; };
		8BA84AA61ACD2DDF007278D7 /* .gitignore in Resources */ = {isa = PBXBuildFile; fileRef = 8BA84A081ACD2DDF007278D7 /* .gitignore */; };
		8BA84AA71ACD2DDF007278D7 /* my_config.h.in in Resources */ = {isa = PBXBuildFile; fileRef = 8BA84A251ACD2DDF007278D7 /* my_config.h.in */; };
		8BA84AA81ACD2DDF007278D7 /* mysql.h.pp in Sources */ = {isa = PBXBuildFile; fileRef = 8BA84A3B1ACD2DDF007278D7 /* mysql.h.pp */; };
		8BA84AA91ACD2DDF007278D7 /* mysql_version.h.in in Resources */ = {isa = PBXBuildFile; fileRef = 8BA84A3F1ACD2DDF007278D7 /* mysql_version.h.in */; };
		8BA84AAA1ACD2DDF007278D7 /* libmysqlclient.a in Frameworks */ = {isa = PBXBuildFile; fileRef = 8BA84A551ACD2DDF007278D7 /* libmysqlclient.a */; };
		8BA84AAB1ACD2DDF007278D7 /* ofxMySQL.cpp in Sources */ = {isa = PBXBuildFile; fileRef = 8BA84A561ACD2DDF007278D7 /* ofxMySQL.cpp */; };
		8BA84AAC1ACD2DDF007278D7 /* README in Resources */ = {isa = PBXBuildFile; fileRef = 8BA84A581ACD2DDF007278D7 /* README */; };
		8BA84AAD1ACD2DDF007278D7 /* IpEndpointName.cpp in Sources */ = {isa = PBXBuildFile; fileRef = 8BA84A5E1ACD2DDF007278D7 /* IpEndpointName.cpp */; };
		8BA84AAE1ACD2DDF007278D7 /* NetworkingUtils.cpp in Sources */ = {isa = PBXBuildFile; fileRef = 8BA84A631ACD2DDF007278D7 /* NetworkingUtils.cpp */; };
		8BA84AAF1ACD2DDF007278D7 /* UdpSocket.cpp in Sources */ = {isa = PBXBuildFile; fileRef = 8BA84A641ACD2DDF007278D7 /* UdpSocket.cpp */; };
		8BA84AB01ACD2DDF007278D7 /* NetworkingUtilsWin.cpp in Sources */ = {isa = PBXBuildFile; fileRef = 8BA84A681ACD2DDF007278D7 /* NetworkingUtilsWin.cpp */; };
		8BA84AB11ACD2DDF007278D7 /* UdpSocketWin.cpp in Sources */ = {isa = PBXBuildFile; fileRef = 8BA84A691ACD2DDF007278D7 /* UdpSocketWin.cpp */; };
		8BA84AB21ACD2DDF007278D7 /* OscOutboundPacketStream.cpp in Sources */ = {isa = PBXBuildFile; fileRef = 8BA84A6E1ACD2DDF007278D7 /* OscOutboundPacketStream.cpp */; };
		8BA84AB31ACD2DDF007278D7 /* OscPrintReceivedElements.cpp in Sources */ = {isa = PBXBuildFile; fileRef = 8BA84A711ACD2DDF007278D7 /* OscPrintReceivedElements.cpp */; };
		8BA84AB41ACD2DDF007278D7 /* OscReceivedElements.cpp in Sources */ = {isa = PBXBuildFile; fileRef = 8BA84A731ACD2DDF007278D7 /* OscReceivedElements.cpp */; };
		8BA84AB51ACD2DDF007278D7 /* OscTypes.cpp in Sources */ = {isa = PBXBuildFile; fileRef = 8BA84A751ACD2DDF007278D7 /* OscTypes.cpp */; };
		8BA84AB61ACD2DDF007278D7 /* ofxOscBundle.cpp in Sources */ = {isa = PBXBuildFile; fileRef = 8BA84A7A1ACD2DDF007278D7 /* ofxOscBundle.cpp */; };
		8BA84AB71ACD2DDF007278D7 /* ofxOscMessage.cpp in Sources */ = {isa = PBXBuildFile; fileRef = 8BA84A7C1ACD2DDF007278D7 /* ofxOscMessage.cpp */; };
		8BA84AB81ACD2DDF007278D7 /* ofxOscParameterSync.cpp in Sources */ = {isa = PBXBuildFile; fileRef = 8BA84A7E1ACD2DDF007278D7 /* ofxOscParameterSync.cpp */; };
		8BA84AB91ACD2DDF007278D7 /* ofxOscReceiver.cpp in Sources */ = {isa = PBXBuildFile; fileRef = 8BA84A801ACD2DDF007278D7 /* ofxOscReceiver.cpp */; };
		8BA84ABA1ACD2DDF007278D7 /* ofxOscSender.cpp in Sources */ = {isa = PBXBuildFile; fileRef = 8BA84A821ACD2DDF007278D7 /* ofxOscSender.cpp */; };
		8BA84ACD1ACD2EB5007278D7 /* Canvas.cpp in Sources */ = {isa = PBXBuildFile; fileRef = 8BA84AC11ACD2EB5007278D7 /* Canvas.cpp */; };
		8BA84ACE1ACD2EB5007278D7 /* Connection.cpp in Sources */ = {isa = PBXBuildFile; fileRef = 8BA84AC31ACD2EB5007278D7 /* Connection.cpp */; };
		8BA84ACF1ACD2EB5007278D7 /* main.mm in Sources */ = {isa = PBXBuildFile; fileRef = 8BA84AC61ACD2EB5007278D7 /* main.mm */; };
		8BA84AD01ACD2EB5007278D7 /* ofApp.mm in Sources */ = {isa = PBXBuildFile; fileRef = 8BA84AC81ACD2EB5007278D7 /* ofApp.mm */; };
		8BA84AD11ACD2EB5007278D7 /* Quad.cpp in Sources */ = {isa = PBXBuildFile; fileRef = 8BA84AC91ACD2EB5007278D7 /* Quad.cpp */; };
		8BA84AD21ACD2EB5007278D7 /* TypeSelection.cpp in Sources */ = {isa = PBXBuildFile; fileRef = 8BA84ACB1ACD2EB5007278D7 /* TypeSelection.cpp */; };
		BB16EBD20F2B2A9500518274 /* OpenGLES.framework in Frameworks */ = {isa = PBXBuildFile; fileRef = BB16EBD10F2B2A9500518274 /* OpenGLES.framework */; };
		BB16EBD90F2B2AB500518274 /* QuartzCore.framework in Frameworks */ = {isa = PBXBuildFile; fileRef = BB16EBD80F2B2AB500518274 /* QuartzCore.framework */; };
		BBE5EAB80F49AD8400F28951 /* AudioToolbox.framework in Frameworks */ = {isa = PBXBuildFile; fileRef = BBE5EAB70F49AD8400F28951 /* AudioToolbox.framework */; };
		E41D3ED713B38FB500A75A5D /* Project.xcconfig in Resources */ = {isa = PBXBuildFile; fileRef = E41D3ED613B38FB500A75A5D /* Project.xcconfig */; };
		E41D3EE613B3906D00A75A5D /* CoreOF.xcconfig in Resources */ = {isa = PBXBuildFile; fileRef = E41D3EE513B3906D00A75A5D /* CoreOF.xcconfig */; };
		E41D400B13B39D2100A75A5D /* AVFoundation.framework in Frameworks */ = {isa = PBXBuildFile; fileRef = E41D400613B39D2100A75A5D /* AVFoundation.framework */; };
		E41D400C13B39D2100A75A5D /* CoreMedia.framework in Frameworks */ = {isa = PBXBuildFile; fileRef = E41D400713B39D2100A75A5D /* CoreMedia.framework */; };
		E41D400D13B39D2100A75A5D /* CoreVideo.framework in Frameworks */ = {isa = PBXBuildFile; fileRef = E41D400813B39D2100A75A5D /* CoreVideo.framework */; };
		E41D400E13B39D2100A75A5D /* MapKit.framework in Frameworks */ = {isa = PBXBuildFile; fileRef = E41D400913B39D2100A75A5D /* MapKit.framework */; };
		E41D421413B3A95300A75A5D /* libofxiOS_iphoneos_Debug.a in Frameworks */ = {isa = PBXBuildFile; fileRef = E41D410213B3A0D800A75A5D /* libofxiOS_iphoneos_Debug.a */; };
		E4A823A412561BE3002F86A2 /* CoreGraphics.framework in Frameworks */ = {isa = PBXBuildFile; fileRef = E4A823A312561BE3002F86A2 /* CoreGraphics.framework */; };
/* End PBXBuildFile section */

/* Begin PBXContainerItemProxy section */
		E41D410113B3A0D800A75A5D /* PBXContainerItemProxy */ = {
			isa = PBXContainerItemProxy;
			containerPortal = E41D40FD13B3A0D800A75A5D /* iOS+OFLib.xcodeproj */;
			proxyType = 2;
			remoteGlobalIDString = BB24DED610DA7A3F00E9C588;
			remoteInfo = "iPhone+OF Static Library";
		};
		E41D410313B3A11300A75A5D /* PBXContainerItemProxy */ = {
			isa = PBXContainerItemProxy;
			containerPortal = E41D40FD13B3A0D800A75A5D /* iOS+OFLib.xcodeproj */;
			proxyType = 1;
			remoteGlobalIDString = BB24DE5C10DA7A3F00E9C588;
			remoteInfo = "iPhone+OF Static Library";
		};
/* End PBXContainerItemProxy section */

/* Begin PBXFileReference section */
		1D30AB110D05D00D00671497 /* Foundation.framework */ = {isa = PBXFileReference; lastKnownFileType = wrapper.framework; name = Foundation.framework; path = System/Library/Frameworks/Foundation.framework; sourceTree = SDKROOT; };
		1D6058910D05DD3D006BFB54 /* Remote.app */ = {isa = PBXFileReference; explicitFileType = wrapper.application; includeInIndex = 0; path = Remote.app; sourceTree = BUILT_PRODUCTS_DIR; };
		1DF5F4DF0D08C38300B7A737 /* UIKit.framework */ = {isa = PBXFileReference; lastKnownFileType = wrapper.framework; name = UIKit.framework; path = System/Library/Frameworks/UIKit.framework; sourceTree = SDKROOT; };
		288765FC0DF74451002DB57D /* CoreGraphics.framework */ = {isa = PBXFileReference; lastKnownFileType = wrapper.framework; name = CoreGraphics.framework; path = System/Library/Frameworks/CoreGraphics.framework; sourceTree = SDKROOT; };
		32CA4F630368D1EE00C91783 /* ofxiOS_Prefix.pch */ = {isa = PBXFileReference; fileEncoding = 4; lastKnownFileType = sourcecode.c.h; path = ofxiOS_Prefix.pch; sourceTree = "<group>"; };
		5326AEA710A23A0500278DE6 /* CoreLocation.framework */ = {isa = PBXFileReference; lastKnownFileType = wrapper.framework; name = CoreLocation.framework; path = System/Library/Frameworks/CoreLocation.framework; sourceTree = SDKROOT; };
		53F323EA10A20EDB00E0DAE4 /* OpenAL.framework */ = {isa = PBXFileReference; lastKnownFileType = wrapper.framework; name = OpenAL.framework; path = System/Library/Frameworks/OpenAL.framework; sourceTree = SDKROOT; };
		678E130717951530005B6D19 /* Icon@2x.png */ = {isa = PBXFileReference; lastKnownFileType = image.png; name = "Icon@2x.png"; path = "bin/data/Icon@2x.png"; sourceTree = "<group>"; };
		678E130917951536005B6D19 /* Icon.png */ = {isa = PBXFileReference; lastKnownFileType = image.png; name = Icon.png; path = bin/data/Icon.png; sourceTree = "<group>"; };
		678E130B1795153C005B6D19 /* Default.png */ = {isa = PBXFileReference; lastKnownFileType = image.png; name = Default.png; path = bin/data/Default.png; sourceTree = "<group>"; };
		678E130D17951540005B6D19 /* Default@2x.png */ = {isa = PBXFileReference; lastKnownFileType = image.png; name = "Default@2x.png"; path = "bin/data/Default@2x.png"; sourceTree = "<group>"; };
		678E130F17951549005B6D19 /* Default-568h@2x~iphone.png */ = {isa = PBXFileReference; lastKnownFileType = image.png; name = "Default-568h@2x~iphone.png"; path = "bin/data/Default-568h@2x~iphone.png"; sourceTree = "<group>"; };
		8BA849B61ACD2DDE007278D7 /* .gitignore */ = {isa = PBXFileReference; fileEncoding = 4; lastKnownFileType = text; path = .gitignore; sourceTree = "<group>"; };
		8BA849CF1ACD2DDF007278D7 /* README.md */ = {isa = PBXFileReference; fileEncoding = 4; lastKnownFileType = net.daringfireball.markdown; path = README.md; sourceTree = "<group>"; };
		8BA849D11ACD2DDF007278D7 /* ofxAssets.cpp */ = {isa = PBXFileReference; fileEncoding = 4; lastKnownFileType = sourcecode.cpp.cpp; path = ofxAssets.cpp; sourceTree = "<group>"; };
		8BA849D21ACD2DDF007278D7 /* ofxAssets.h */ = {isa = PBXFileReference; fileEncoding = 4; lastKnownFileType = sourcecode.c.h; path = ofxAssets.h; sourceTree = "<group>"; };
		8BA849D41ACD2DDF007278D7 /* .gitignore */ = {isa = PBXFileReference; fileEncoding = 4; lastKnownFileType = text; path = .gitignore; sourceTree = "<group>"; };
		8BA849E41ACD2DDF007278D7 /* README.md */ = {isa = PBXFileReference; fileEncoding = 4; lastKnownFileType = net.daringfireball.markdown; path = README.md; sourceTree = "<group>"; };
		8BA849E81ACD2DDF007278D7 /* ofxHomography.h */ = {isa = PBXFileReference; fileEncoding = 4; lastKnownFileType = sourcecode.c.h; path = ofxHomography.h; sourceTree = "<group>"; };
		8BA849EA1ACD2DDF007278D7 /* .gitignore */ = {isa = PBXFileReference; fileEncoding = 4; lastKnownFileType = text; path = .gitignore; sourceTree = "<group>"; };
		8BA849EF1ACD2DDF007278D7 /* swisop3.ttf */ = {isa = PBXFileReference; lastKnownFileType = file; path = swisop3.ttf; sourceTree = "<group>"; };
		8BA849F21ACD2DDF007278D7 /* Controller.cpp */ = {isa = PBXFileReference; fileEncoding = 4; lastKnownFileType = sourcecode.cpp.cpp; path = Controller.cpp; sourceTree = "<group>"; };
		8BA849F31ACD2DDF007278D7 /* Controller.h */ = {isa = PBXFileReference; fileEncoding = 4; lastKnownFileType = sourcecode.c.h; path = Controller.h; sourceTree = "<group>"; };
		8BA849F41ACD2DDF007278D7 /* Element.cpp */ = {isa = PBXFileReference; fileEncoding = 4; lastKnownFileType = sourcecode.cpp.cpp; path = Element.cpp; sourceTree = "<group>"; };
		8BA849F51ACD2DDF007278D7 /* Element.h */ = {isa = PBXFileReference; fileEncoding = 4; lastKnownFileType = sourcecode.c.h; path = Element.h; sourceTree = "<group>"; };
		8BA849F71ACD2DDF007278D7 /* Button.cpp */ = {isa = PBXFileReference; fileEncoding = 4; lastKnownFileType = sourcecode.cpp.cpp; path = Button.cpp; sourceTree = "<group>"; };
		8BA849F81ACD2DDF007278D7 /* Button.h */ = {isa = PBXFileReference; fileEncoding = 4; lastKnownFileType = sourcecode.c.h; path = Button.h; sourceTree = "<group>"; };
		8BA849F91ACD2DDF007278D7 /* Canvas.cpp */ = {isa = PBXFileReference; fileEncoding = 4; lastKnownFileType = sourcecode.cpp.cpp; path = Canvas.cpp; sourceTree = "<group>"; };
		8BA849FA1ACD2DDF007278D7 /* Canvas.h */ = {isa = PBXFileReference; fileEncoding = 4; lastKnownFileType = sourcecode.c.h; path = Canvas.h; sourceTree = "<group>"; };
		8BA849FB1ACD2DDF007278D7 /* MultiSelect.cpp */ = {isa = PBXFileReference; fileEncoding = 4; lastKnownFileType = sourcecode.cpp.cpp; path = MultiSelect.cpp; sourceTree = "<group>"; };
		8BA849FC1ACD2DDF007278D7 /* MultiSelect.h */ = {isa = PBXFileReference; fileEncoding = 4; lastKnownFileType = sourcecode.c.h; path = MultiSelect.h; sourceTree = "<group>"; };
		8BA849FD1ACD2DDF007278D7 /* Touch.cpp */ = {isa = PBXFileReference; fileEncoding = 4; lastKnownFileType = sourcecode.cpp.cpp; path = Touch.cpp; sourceTree = "<group>"; };
		8BA849FE1ACD2DDF007278D7 /* Touch.h */ = {isa = PBXFileReference; fileEncoding = 4; lastKnownFileType = sourcecode.c.h; path = Touch.h; sourceTree = "<group>"; };
		8BA849FF1ACD2DDF007278D7 /* ofxKCTouchGui.h */ = {isa = PBXFileReference; fileEncoding = 4; lastKnownFileType = sourcecode.c.h; path = ofxKCTouchGui.h; sourceTree = "<group>"; };
		8BA84A011ACD2DDF007278D7 /* changelog.txt */ = {isa = PBXFileReference; fileEncoding = 4; lastKnownFileType = text; path = changelog.txt; sourceTree = "<group>"; };
		8BA84A021ACD2DDF007278D7 /* LICENSE.txt */ = {isa = PBXFileReference; fileEncoding = 4; lastKnownFileType = text; path = LICENSE.txt; sourceTree = "<group>"; };
		8BA84A041ACD2DDF007278D7 /* ofxMultiTouch.cpp */ = {isa = PBXFileReference; fileEncoding = 4; lastKnownFileType = sourcecode.cpp.cpp; path = ofxMultiTouch.cpp; sourceTree = "<group>"; };
		8BA84A051ACD2DDF007278D7 /* ofxMultiTouch.h */ = {isa = PBXFileReference; fileEncoding = 4; lastKnownFileType = sourcecode.c.h; path = ofxMultiTouch.h; sourceTree = "<group>"; };
		8BA84A061ACD2DDF007278D7 /* ofxMultiTouchListener.h */ = {isa = PBXFileReference; fileEncoding = 4; lastKnownFileType = sourcecode.c.h; path = ofxMultiTouchListener.h; sourceTree = "<group>"; };
		8BA84A081ACD2DDF007278D7 /* .gitignore */ = {isa = PBXFileReference; fileEncoding = 4; lastKnownFileType = text; path = .gitignore; sourceTree = "<group>"; };
		8BA84A0D1ACD2DDF007278D7 /* gcc_builtins.h */ = {isa = PBXFileReference; fileEncoding = 4; lastKnownFileType = sourcecode.c.h; path = gcc_builtins.h; sourceTree = "<group>"; };
		8BA84A0E1ACD2DDF007278D7 /* generic-msvc.h */ = {isa = PBXFileReference; fileEncoding = 4; lastKnownFileType = sourcecode.c.h; path = "generic-msvc.h"; sourceTree = "<group>"; };
		8BA84A0F1ACD2DDF007278D7 /* nolock.h */ = {isa = PBXFileReference; fileEncoding = 4; lastKnownFileType = sourcecode.c.h; path = nolock.h; sourceTree = "<group>"; };
		8BA84A101ACD2DDF007278D7 /* rwlock.h */ = {isa = PBXFileReference; fileEncoding = 4; lastKnownFileType = sourcecode.c.h; path = rwlock.h; sourceTree = "<group>"; };
		8BA84A111ACD2DDF007278D7 /* x86-gcc.h */ = {isa = PBXFileReference; fileEncoding = 4; lastKnownFileType = sourcecode.c.h; path = "x86-gcc.h"; sourceTree = "<group>"; };
		8BA84A121ACD2DDF007278D7 /* base64.h */ = {isa = PBXFileReference; fileEncoding = 4; lastKnownFileType = sourcecode.c.h; path = base64.h; sourceTree = "<group>"; };
		8BA84A131ACD2DDF007278D7 /* config-win.h */ = {isa = PBXFileReference; fileEncoding = 4; lastKnownFileType = sourcecode.c.h; path = "config-win.h"; sourceTree = "<group>"; };
		8BA84A141ACD2DDF007278D7 /* decimal.h */ = {isa = PBXFileReference; fileEncoding = 4; lastKnownFileType = sourcecode.c.h; path = decimal.h; sourceTree = "<group>"; };
		8BA84A151ACD2DDF007278D7 /* errmsg.h */ = {isa = PBXFileReference; fileEncoding = 4; lastKnownFileType = sourcecode.c.h; path = errmsg.h; sourceTree = "<group>"; };
		8BA84A161ACD2DDF007278D7 /* hash.h */ = {isa = PBXFileReference; fileEncoding = 4; lastKnownFileType = sourcecode.c.h; path = hash.h; sourceTree = "<group>"; };
		8BA84A171ACD2DDF007278D7 /* keycache.h */ = {isa = PBXFileReference; fileEncoding = 4; lastKnownFileType = sourcecode.c.h; path = keycache.h; sourceTree = "<group>"; };
		8BA84A181ACD2DDF007278D7 /* lf.h */ = {isa = PBXFileReference; fileEncoding = 4; lastKnownFileType = sourcecode.c.h; path = lf.h; sourceTree = "<group>"; };
		8BA84A191ACD2DDF007278D7 /* m_ctype.h */ = {isa = PBXFileReference; fileEncoding = 4; lastKnownFileType = sourcecode.c.h; path = m_ctype.h; sourceTree = "<group>"; };
		8BA84A1A1ACD2DDF007278D7 /* m_string.h */ = {isa = PBXFileReference; fileEncoding = 4; lastKnownFileType = sourcecode.c.h; path = m_string.h; sourceTree = "<group>"; };
		8BA84A1B1ACD2DDF007278D7 /* my_aes.h */ = {isa = PBXFileReference; fileEncoding = 4; lastKnownFileType = sourcecode.c.h; path = my_aes.h; sourceTree = "<group>"; };
		8BA84A1C1ACD2DDF007278D7 /* my_alarm.h */ = {isa = PBXFileReference; fileEncoding = 4; lastKnownFileType = sourcecode.c.h; path = my_alarm.h; sourceTree = "<group>"; };
		8BA84A1D1ACD2DDF007278D7 /* my_alloc.h */ = {isa = PBXFileReference; fileEncoding = 4; lastKnownFileType = sourcecode.c.h; path = my_alloc.h; sourceTree = "<group>"; };
		8BA84A1E1ACD2DDF007278D7 /* my_atomic.h */ = {isa = PBXFileReference; fileEncoding = 4; lastKnownFileType = sourcecode.c.h; path = my_atomic.h; sourceTree = "<group>"; };
		8BA84A1F1ACD2DDF007278D7 /* my_attribute.h */ = {isa = PBXFileReference; fileEncoding = 4; lastKnownFileType = sourcecode.c.h; path = my_attribute.h; sourceTree = "<group>"; };
		8BA84A201ACD2DDF007278D7 /* my_base.h */ = {isa = PBXFileReference; fileEncoding = 4; lastKnownFileType = sourcecode.c.h; path = my_base.h; sourceTree = "<group>"; };
		8BA84A211ACD2DDF007278D7 /* my_bit.h */ = {isa = PBXFileReference; fileEncoding = 4; lastKnownFileType = sourcecode.c.h; path = my_bit.h; sourceTree = "<group>"; };
		8BA84A221ACD2DDF007278D7 /* my_bitmap.h */ = {isa = PBXFileReference; fileEncoding = 4; lastKnownFileType = sourcecode.c.h; path = my_bitmap.h; sourceTree = "<group>"; };
		8BA84A231ACD2DDF007278D7 /* my_charsets.h */ = {isa = PBXFileReference; fileEncoding = 4; lastKnownFileType = sourcecode.c.h; path = my_charsets.h; sourceTree = "<group>"; };
		8BA84A241ACD2DDF007278D7 /* my_config.h */ = {isa = PBXFileReference; fileEncoding = 4; lastKnownFileType = sourcecode.c.h; path = my_config.h; sourceTree = "<group>"; };
		8BA84A251ACD2DDF007278D7 /* my_config.h.in */ = {isa = PBXFileReference; fileEncoding = 4; lastKnownFileType = text; path = my_config.h.in; sourceTree = "<group>"; };
		8BA84A261ACD2DDF007278D7 /* my_dbug.h */ = {isa = PBXFileReference; fileEncoding = 4; lastKnownFileType = sourcecode.c.h; path = my_dbug.h; sourceTree = "<group>"; };
		8BA84A271ACD2DDF007278D7 /* my_dir.h */ = {isa = PBXFileReference; fileEncoding = 4; lastKnownFileType = sourcecode.c.h; path = my_dir.h; sourceTree = "<group>"; };
		8BA84A281ACD2DDF007278D7 /* my_getopt.h */ = {isa = PBXFileReference; fileEncoding = 4; lastKnownFileType = sourcecode.c.h; path = my_getopt.h; sourceTree = "<group>"; };
		8BA84A291ACD2DDF007278D7 /* my_global.h */ = {isa = PBXFileReference; fileEncoding = 4; lastKnownFileType = sourcecode.c.h; path = my_global.h; sourceTree = "<group>"; };
		8BA84A2A1ACD2DDF007278D7 /* my_libwrap.h */ = {isa = PBXFileReference; fileEncoding = 4; lastKnownFileType = sourcecode.c.h; path = my_libwrap.h; sourceTree = "<group>"; };
		8BA84A2B1ACD2DDF007278D7 /* my_list.h */ = {isa = PBXFileReference; fileEncoding = 4; lastKnownFileType = sourcecode.c.h; path = my_list.h; sourceTree = "<group>"; };
		8BA84A2C1ACD2DDF007278D7 /* my_md5.h */ = {isa = PBXFileReference; fileEncoding = 4; lastKnownFileType = sourcecode.c.h; path = my_md5.h; sourceTree = "<group>"; };
		8BA84A2D1ACD2DDF007278D7 /* my_net.h */ = {isa = PBXFileReference; fileEncoding = 4; lastKnownFileType = sourcecode.c.h; path = my_net.h; sourceTree = "<group>"; };
		8BA84A2E1ACD2DDF007278D7 /* my_no_pthread.h */ = {isa = PBXFileReference; fileEncoding = 4; lastKnownFileType = sourcecode.c.h; path = my_no_pthread.h; sourceTree = "<group>"; };
		8BA84A2F1ACD2DDF007278D7 /* my_nosys.h */ = {isa = PBXFileReference; fileEncoding = 4; lastKnownFileType = sourcecode.c.h; path = my_nosys.h; sourceTree = "<group>"; };
		8BA84A301ACD2DDF007278D7 /* my_pthread.h */ = {isa = PBXFileReference; fileEncoding = 4; lastKnownFileType = sourcecode.c.h; path = my_pthread.h; sourceTree = "<group>"; };
		8BA84A311ACD2DDF007278D7 /* my_stacktrace.h */ = {isa = PBXFileReference; fileEncoding = 4; lastKnownFileType = sourcecode.c.h; path = my_stacktrace.h; sourceTree = "<group>"; };
		8BA84A321ACD2DDF007278D7 /* my_sys.h */ = {isa = PBXFileReference; fileEncoding = 4; lastKnownFileType = sourcecode.c.h; path = my_sys.h; sourceTree = "<group>"; };
		8BA84A331ACD2DDF007278D7 /* my_time.h */ = {isa = PBXFileReference; fileEncoding = 4; lastKnownFileType = sourcecode.c.h; path = my_time.h; sourceTree = "<group>"; };
		8BA84A341ACD2DDF007278D7 /* my_tree.h */ = {isa = PBXFileReference; fileEncoding = 4; lastKnownFileType = sourcecode.c.h; path = my_tree.h; sourceTree = "<group>"; };
		8BA84A351ACD2DDF007278D7 /* my_trie.h */ = {isa = PBXFileReference; fileEncoding = 4; lastKnownFileType = sourcecode.c.h; path = my_trie.h; sourceTree = "<group>"; };
		8BA84A361ACD2DDF007278D7 /* my_uctype.h */ = {isa = PBXFileReference; fileEncoding = 4; lastKnownFileType = sourcecode.c.h; path = my_uctype.h; sourceTree = "<group>"; };
		8BA84A371ACD2DDF007278D7 /* my_vle.h */ = {isa = PBXFileReference; fileEncoding = 4; lastKnownFileType = sourcecode.c.h; path = my_vle.h; sourceTree = "<group>"; };
		8BA84A381ACD2DDF007278D7 /* my_xml.h */ = {isa = PBXFileReference; fileEncoding = 4; lastKnownFileType = sourcecode.c.h; path = my_xml.h; sourceTree = "<group>"; };
		8BA84A391ACD2DDF007278D7 /* myisampack.h */ = {isa = PBXFileReference; fileEncoding = 4; lastKnownFileType = sourcecode.c.h; path = myisampack.h; sourceTree = "<group>"; };
		8BA84A3A1ACD2DDF007278D7 /* mysql.h */ = {isa = PBXFileReference; fileEncoding = 4; lastKnownFileType = sourcecode.c.h; path = mysql.h; sourceTree = "<group>"; };
		8BA84A3B1ACD2DDF007278D7 /* mysql.h.pp */ = {isa = PBXFileReference; fileEncoding = 4; lastKnownFileType = sourcecode.pascal; path = mysql.h.pp; sourceTree = "<group>"; };
		8BA84A3C1ACD2DDF007278D7 /* mysql_com.h */ = {isa = PBXFileReference; fileEncoding = 4; lastKnownFileType = sourcecode.c.h; path = mysql_com.h; sourceTree = "<group>"; };
		8BA84A3D1ACD2DDF007278D7 /* mysql_time.h */ = {isa = PBXFileReference; fileEncoding = 4; lastKnownFileType = sourcecode.c.h; path = mysql_time.h; sourceTree = "<group>"; };
		8BA84A3E1ACD2DDF007278D7 /* mysql_version.h */ = {isa = PBXFileReference; fileEncoding = 4; lastKnownFileType = sourcecode.c.h; path = mysql_version.h; sourceTree = "<group>"; };
		8BA84A3F1ACD2DDF007278D7 /* mysql_version.h.in */ = {isa = PBXFileReference; fileEncoding = 4; lastKnownFileType = text; path = mysql_version.h.in; sourceTree = "<group>"; };
		8BA84A401ACD2DDF007278D7 /* mysqld_error.h */ = {isa = PBXFileReference; fileEncoding = 4; lastKnownFileType = sourcecode.c.h; path = mysqld_error.h; sourceTree = "<group>"; };
		8BA84A421ACD2DDF007278D7 /* rijndael.h */ = {isa = PBXFileReference; fileEncoding = 4; lastKnownFileType = sourcecode.c.h; path = rijndael.h; sourceTree = "<group>"; };
		8BA84A431ACD2DDF007278D7 /* mysys_err.h */ = {isa = PBXFileReference; fileEncoding = 4; lastKnownFileType = sourcecode.c.h; path = mysys_err.h; sourceTree = "<group>"; };
		8BA84A441ACD2DDF007278D7 /* queues.h */ = {isa = PBXFileReference; fileEncoding = 4; lastKnownFileType = sourcecode.c.h; path = queues.h; sourceTree = "<group>"; };
		8BA84A451ACD2DDF007278D7 /* service_versions.h */ = {isa = PBXFileReference; fileEncoding = 4; lastKnownFileType = sourcecode.c.h; path = service_versions.h; sourceTree = "<group>"; };
		8BA84A461ACD2DDF007278D7 /* sha1.h */ = {isa = PBXFileReference; fileEncoding = 4; lastKnownFileType = sourcecode.c.h; path = sha1.h; sourceTree = "<group>"; };
		8BA84A471ACD2DDF007278D7 /* sha2.h */ = {isa = PBXFileReference; fileEncoding = 4; lastKnownFileType = sourcecode.c.h; path = sha2.h; sourceTree = "<group>"; };
		8BA84A481ACD2DDF007278D7 /* sql_common.h */ = {isa = PBXFileReference; fileEncoding = 4; lastKnownFileType = sourcecode.c.h; path = sql_common.h; sourceTree = "<group>"; };
		8BA84A491ACD2DDF007278D7 /* sslopt-case.h */ = {isa = PBXFileReference; fileEncoding = 4; lastKnownFileType = sourcecode.c.h; path = "sslopt-case.h"; sourceTree = "<group>"; };
		8BA84A4A1ACD2DDF007278D7 /* sslopt-longopts.h */ = {isa = PBXFileReference; fileEncoding = 4; lastKnownFileType = sourcecode.c.h; path = "sslopt-longopts.h"; sourceTree = "<group>"; };
		8BA84A4B1ACD2DDF007278D7 /* sslopt-vars.h */ = {isa = PBXFileReference; fileEncoding = 4; lastKnownFileType = sourcecode.c.h; path = "sslopt-vars.h"; sourceTree = "<group>"; };
		8BA84A4C1ACD2DDF007278D7 /* t_ctype.h */ = {isa = PBXFileReference; fileEncoding = 4; lastKnownFileType = sourcecode.c.h; path = t_ctype.h; sourceTree = "<group>"; };
		8BA84A4D1ACD2DDF007278D7 /* thr_alarm.h */ = {isa = PBXFileReference; fileEncoding = 4; lastKnownFileType = sourcecode.c.h; path = thr_alarm.h; sourceTree = "<group>"; };
		8BA84A4E1ACD2DDF007278D7 /* thr_lock.h */ = {isa = PBXFileReference; fileEncoding = 4; lastKnownFileType = sourcecode.c.h; path = thr_lock.h; sourceTree = "<group>"; };
		8BA84A4F1ACD2DDF007278D7 /* typelib.h */ = {isa = PBXFileReference; fileEncoding = 4; lastKnownFileType = sourcecode.c.h; path = typelib.h; sourceTree = "<group>"; };
		8BA84A501ACD2DDF007278D7 /* violite.h */ = {isa = PBXFileReference; fileEncoding = 4; lastKnownFileType = sourcecode.c.h; path = violite.h; sourceTree = "<group>"; };
		8BA84A511ACD2DDF007278D7 /* waiting_threads.h */ = {isa = PBXFileReference; fileEncoding = 4; lastKnownFileType = sourcecode.c.h; path = waiting_threads.h; sourceTree = "<group>"; };
		8BA84A521ACD2DDF007278D7 /* wqueue.h */ = {isa = PBXFileReference; fileEncoding = 4; lastKnownFileType = sourcecode.c.h; path = wqueue.h; sourceTree = "<group>"; };
		8BA84A551ACD2DDF007278D7 /* libmysqlclient.a */ = {isa = PBXFileReference; lastKnownFileType = archive.ar; path = libmysqlclient.a; sourceTree = "<group>"; };
		8BA84A561ACD2DDF007278D7 /* ofxMySQL.cpp */ = {isa = PBXFileReference; fileEncoding = 4; lastKnownFileType = sourcecode.cpp.cpp; path = ofxMySQL.cpp; sourceTree = "<group>"; };
		8BA84A571ACD2DDF007278D7 /* ofxMySQL.h */ = {isa = PBXFileReference; fileEncoding = 4; lastKnownFileType = sourcecode.c.h; path = ofxMySQL.h; sourceTree = "<group>"; };
		8BA84A581ACD2DDF007278D7 /* README */ = {isa = PBXFileReference; fileEncoding = 4; lastKnownFileType = text; path = README; sourceTree = "<group>"; };
		8BA84A5E1ACD2DDF007278D7 /* IpEndpointName.cpp */ = {isa = PBXFileReference; fileEncoding = 4; lastKnownFileType = sourcecode.cpp.cpp; path = IpEndpointName.cpp; sourceTree = "<group>"; };
		8BA84A5F1ACD2DDF007278D7 /* IpEndpointName.h */ = {isa = PBXFileReference; fileEncoding = 4; lastKnownFileType = sourcecode.c.h; path = IpEndpointName.h; sourceTree = "<group>"; };
		8BA84A601ACD2DDF007278D7 /* NetworkingUtils.h */ = {isa = PBXFileReference; fileEncoding = 4; lastKnownFileType = sourcecode.c.h; path = NetworkingUtils.h; sourceTree = "<group>"; };
		8BA84A611ACD2DDF007278D7 /* PacketListener.h */ = {isa = PBXFileReference; fileEncoding = 4; lastKnownFileType = sourcecode.c.h; path = PacketListener.h; sourceTree = "<group>"; };
		8BA84A631ACD2DDF007278D7 /* NetworkingUtils.cpp */ = {isa = PBXFileReference; fileEncoding = 4; lastKnownFileType = sourcecode.cpp.cpp; path = NetworkingUtils.cpp; sourceTree = "<group>"; };
		8BA84A641ACD2DDF007278D7 /* UdpSocket.cpp */ = {isa = PBXFileReference; fileEncoding = 4; lastKnownFileType = sourcecode.cpp.cpp; path = UdpSocket.cpp; sourceTree = "<group>"; };
		8BA84A651ACD2DDF007278D7 /* TimerListener.h */ = {isa = PBXFileReference; fileEncoding = 4; lastKnownFileType = sourcecode.c.h; path = TimerListener.h; sourceTree = "<group>"; };
		8BA84A661ACD2DDF007278D7 /* UdpSocket.h */ = {isa = PBXFileReference; fileEncoding = 4; lastKnownFileType = sourcecode.c.h; path = UdpSocket.h; sourceTree = "<group>"; };
		8BA84A681ACD2DDF007278D7 /* NetworkingUtilsWin.cpp */ = {isa = PBXFileReference; fileEncoding = 4; lastKnownFileType = sourcecode.cpp.cpp; path = NetworkingUtilsWin.cpp; sourceTree = "<group>"; };
		8BA84A691ACD2DDF007278D7 /* UdpSocketWin.cpp */ = {isa = PBXFileReference; fileEncoding = 4; lastKnownFileType = sourcecode.cpp.cpp; path = UdpSocketWin.cpp; sourceTree = "<group>"; };
		8BA84A6B1ACD2DDF007278D7 /* MessageMappingOscPacketListener.h */ = {isa = PBXFileReference; fileEncoding = 4; lastKnownFileType = sourcecode.c.h; path = MessageMappingOscPacketListener.h; sourceTree = "<group>"; };
		8BA84A6C1ACD2DDF007278D7 /* OscException.h */ = {isa = PBXFileReference; fileEncoding = 4; lastKnownFileType = sourcecode.c.h; path = OscException.h; sourceTree = "<group>"; };
		8BA84A6D1ACD2DDF007278D7 /* OscHostEndianness.h */ = {isa = PBXFileReference; fileEncoding = 4; lastKnownFileType = sourcecode.c.h; path = OscHostEndianness.h; sourceTree = "<group>"; };
		8BA84A6E1ACD2DDF007278D7 /* OscOutboundPacketStream.cpp */ = {isa = PBXFileReference; fileEncoding = 4; lastKnownFileType = sourcecode.cpp.cpp; path = OscOutboundPacketStream.cpp; sourceTree = "<group>"; };
		8BA84A6F1ACD2DDF007278D7 /* OscOutboundPacketStream.h */ = {isa = PBXFileReference; fileEncoding = 4; lastKnownFileType = sourcecode.c.h; path = OscOutboundPacketStream.h; sourceTree = "<group>"; };
		8BA84A701ACD2DDF007278D7 /* OscPacketListener.h */ = {isa = PBXFileReference; fileEncoding = 4; lastKnownFileType = sourcecode.c.h; path = OscPacketListener.h; sourceTree = "<group>"; };
		8BA84A711ACD2DDF007278D7 /* OscPrintReceivedElements.cpp */ = {isa = PBXFileReference; fileEncoding = 4; lastKnownFileType = sourcecode.cpp.cpp; path = OscPrintReceivedElements.cpp; sourceTree = "<group>"; };
		8BA84A721ACD2DDF007278D7 /* OscPrintReceivedElements.h */ = {isa = PBXFileReference; fileEncoding = 4; lastKnownFileType = sourcecode.c.h; path = OscPrintReceivedElements.h; sourceTree = "<group>"; };
		8BA84A731ACD2DDF007278D7 /* OscReceivedElements.cpp */ = {isa = PBXFileReference; fileEncoding = 4; lastKnownFileType = sourcecode.cpp.cpp; path = OscReceivedElements.cpp; sourceTree = "<group>"; };
		8BA84A741ACD2DDF007278D7 /* OscReceivedElements.h */ = {isa = PBXFileReference; fileEncoding = 4; lastKnownFileType = sourcecode.c.h; path = OscReceivedElements.h; sourceTree = "<group>"; };
		8BA84A751ACD2DDF007278D7 /* OscTypes.cpp */ = {isa = PBXFileReference; fileEncoding = 4; lastKnownFileType = sourcecode.cpp.cpp; path = OscTypes.cpp; sourceTree = "<group>"; };
		8BA84A761ACD2DDF007278D7 /* OscTypes.h */ = {isa = PBXFileReference; fileEncoding = 4; lastKnownFileType = sourcecode.c.h; path = OscTypes.h; sourceTree = "<group>"; };
		8BA84A781ACD2DDF007278D7 /* ofxOsc.h */ = {isa = PBXFileReference; fileEncoding = 4; lastKnownFileType = sourcecode.c.h; path = ofxOsc.h; sourceTree = "<group>"; };
		8BA84A791ACD2DDF007278D7 /* ofxOscArg.h */ = {isa = PBXFileReference; fileEncoding = 4; lastKnownFileType = sourcecode.c.h; path = ofxOscArg.h; sourceTree = "<group>"; };
		8BA84A7A1ACD2DDF007278D7 /* ofxOscBundle.cpp */ = {isa = PBXFileReference; fileEncoding = 4; lastKnownFileType = sourcecode.cpp.cpp; path = ofxOscBundle.cpp; sourceTree = "<group>"; };
		8BA84A7B1ACD2DDF007278D7 /* ofxOscBundle.h */ = {isa = PBXFileReference; fileEncoding = 4; lastKnownFileType = sourcecode.c.h; path = ofxOscBundle.h; sourceTree = "<group>"; };
		8BA84A7C1ACD2DDF007278D7 /* ofxOscMessage.cpp */ = {isa = PBXFileReference; fileEncoding = 4; lastKnownFileType = sourcecode.cpp.cpp; path = ofxOscMessage.cpp; sourceTree = "<group>"; };
		8BA84A7D1ACD2DDF007278D7 /* ofxOscMessage.h */ = {isa = PBXFileReference; fileEncoding = 4; lastKnownFileType = sourcecode.c.h; path = ofxOscMessage.h; sourceTree = "<group>"; };
		8BA84A7E1ACD2DDF007278D7 /* ofxOscParameterSync.cpp */ = {isa = PBXFileReference; fileEncoding = 4; lastKnownFileType = sourcecode.cpp.cpp; path = ofxOscParameterSync.cpp; sourceTree = "<group>"; };
		8BA84A7F1ACD2DDF007278D7 /* ofxOscParameterSync.h */ = {isa = PBXFileReference; fileEncoding = 4; lastKnownFileType = sourcecode.c.h; path = ofxOscParameterSync.h; sourceTree = "<group>"; };
		8BA84A801ACD2DDF007278D7 /* ofxOscReceiver.cpp */ = {isa = PBXFileReference; fileEncoding = 4; lastKnownFileType = sourcecode.cpp.cpp; path = ofxOscReceiver.cpp; sourceTree = "<group>"; };
		8BA84A811ACD2DDF007278D7 /* ofxOscReceiver.h */ = {isa = PBXFileReference; fileEncoding = 4; lastKnownFileType = sourcecode.c.h; path = ofxOscReceiver.h; sourceTree = "<group>"; };
		8BA84A821ACD2DDF007278D7 /* ofxOscSender.cpp */ = {isa = PBXFileReference; fileEncoding = 4; lastKnownFileType = sourcecode.cpp.cpp; path = ofxOscSender.cpp; sourceTree = "<group>"; };
		8BA84A831ACD2DDF007278D7 /* ofxOscSender.h */ = {isa = PBXFileReference; fileEncoding = 4; lastKnownFileType = sourcecode.c.h; path = ofxOscSender.h; sourceTree = "<group>"; };
		8BA84AC11ACD2EB5007278D7 /* Canvas.cpp */ = {isa = PBXFileReference; fileEncoding = 4; lastKnownFileType = sourcecode.cpp.cpp; path = Canvas.cpp; sourceTree = "<group>"; };
		8BA84AC21ACD2EB5007278D7 /* Canvas.h */ = {isa = PBXFileReference; fileEncoding = 4; lastKnownFileType = sourcecode.c.h; path = Canvas.h; sourceTree = "<group>"; };
		8BA84AC31ACD2EB5007278D7 /* Connection.cpp */ = {isa = PBXFileReference; fileEncoding = 4; lastKnownFileType = sourcecode.cpp.cpp; path = Connection.cpp; sourceTree = "<group>"; };
		8BA84AC41ACD2EB5007278D7 /* Connection.h */ = {isa = PBXFileReference; fileEncoding = 4; lastKnownFileType = sourcecode.c.h; path = Connection.h; sourceTree = "<group>"; };
		8BA84AC51ACD2EB5007278D7 /* Credentials.h */ = {isa = PBXFileReference; fileEncoding = 4; lastKnownFileType = sourcecode.c.h; path = Credentials.h; sourceTree = "<group>"; };
		8BA84AC61ACD2EB5007278D7 /* main.mm */ = {isa = PBXFileReference; fileEncoding = 4; lastKnownFileType = sourcecode.cpp.objcpp; path = main.mm; sourceTree = "<group>"; };
		8BA84AC71ACD2EB5007278D7 /* ofApp.h */ = {isa = PBXFileReference; fileEncoding = 4; lastKnownFileType = sourcecode.c.h; path = ofApp.h; sourceTree = "<group>"; };
		8BA84AC81ACD2EB5007278D7 /* ofApp.mm */ = {isa = PBXFileReference; fileEncoding = 4; lastKnownFileType = sourcecode.cpp.objcpp; path = ofApp.mm; sourceTree = "<group>"; };
		8BA84AC91ACD2EB5007278D7 /* Quad.cpp */ = {isa = PBXFileReference; fileEncoding = 4; lastKnownFileType = sourcecode.cpp.cpp; path = Quad.cpp; sourceTree = "<group>"; };
		8BA84ACA1ACD2EB5007278D7 /* Quad.h */ = {isa = PBXFileReference; fileEncoding = 4; lastKnownFileType = sourcecode.c.h; path = Quad.h; sourceTree = "<group>"; };
		8BA84ACB1ACD2EB5007278D7 /* TypeSelection.cpp */ = {isa = PBXFileReference; fileEncoding = 4; lastKnownFileType = sourcecode.cpp.cpp; path = TypeSelection.cpp; sourceTree = "<group>"; };
		8BA84ACC1ACD2EB5007278D7 /* TypeSelection.h */ = {isa = PBXFileReference; fileEncoding = 4; lastKnownFileType = sourcecode.c.h; path = TypeSelection.h; sourceTree = "<group>"; };
		BB16EBD10F2B2A9500518274 /* OpenGLES.framework */ = {isa = PBXFileReference; lastKnownFileType = wrapper.framework; name = OpenGLES.framework; path = System/Library/Frameworks/OpenGLES.framework; sourceTree = SDKROOT; };
		BB16EBD80F2B2AB500518274 /* QuartzCore.framework */ = {isa = PBXFileReference; lastKnownFileType = wrapper.framework; name = QuartzCore.framework; path = System/Library/Frameworks/QuartzCore.framework; sourceTree = SDKROOT; };
		BB24DDC910DA781C00E9C588 /* ofxiOS-Info.plist */ = {isa = PBXFileReference; fileEncoding = 4; lastKnownFileType = text.plist.xml; path = "ofxiOS-Info.plist"; sourceTree = "<group>"; };
		BBE5EAB70F49AD8400F28951 /* AudioToolbox.framework */ = {isa = PBXFileReference; lastKnownFileType = wrapper.framework; name = AudioToolbox.framework; path = System/Library/Frameworks/AudioToolbox.framework; sourceTree = SDKROOT; };
		E41D3ED613B38FB500A75A5D /* Project.xcconfig */ = {isa = PBXFileReference; fileEncoding = 4; lastKnownFileType = text.xcconfig; path = Project.xcconfig; sourceTree = "<group>"; };
		E41D3EE513B3906D00A75A5D /* CoreOF.xcconfig */ = {isa = PBXFileReference; fileEncoding = 4; lastKnownFileType = text.xcconfig; name = CoreOF.xcconfig; path = ../../../libs/openFrameworksCompiled/project/ios/CoreOF.xcconfig; sourceTree = SOURCE_ROOT; };
		E41D400613B39D2100A75A5D /* AVFoundation.framework */ = {isa = PBXFileReference; lastKnownFileType = wrapper.framework; name = AVFoundation.framework; path = System/Library/Frameworks/AVFoundation.framework; sourceTree = SDKROOT; };
		E41D400713B39D2100A75A5D /* CoreMedia.framework */ = {isa = PBXFileReference; lastKnownFileType = wrapper.framework; name = CoreMedia.framework; path = System/Library/Frameworks/CoreMedia.framework; sourceTree = SDKROOT; };
		E41D400813B39D2100A75A5D /* CoreVideo.framework */ = {isa = PBXFileReference; lastKnownFileType = wrapper.framework; name = CoreVideo.framework; path = System/Library/Frameworks/CoreVideo.framework; sourceTree = SDKROOT; };
		E41D400913B39D2100A75A5D /* MapKit.framework */ = {isa = PBXFileReference; lastKnownFileType = wrapper.framework; name = MapKit.framework; path = System/Library/Frameworks/MapKit.framework; sourceTree = SDKROOT; };
		E41D40FD13B3A0D800A75A5D /* iOS+OFLib.xcodeproj */ = {isa = PBXFileReference; lastKnownFileType = "wrapper.pb-project"; name = "iOS+OFLib.xcodeproj"; path = "../../../libs/openFrameworksCompiled/project/ios/iOS+OFLib.xcodeproj"; sourceTree = SOURCE_ROOT; };
		E4A823A312561BE3002F86A2 /* CoreGraphics.framework */ = {isa = PBXFileReference; lastKnownFileType = wrapper.framework; name = CoreGraphics.framework; path = System/Library/Frameworks/CoreGraphics.framework; sourceTree = SDKROOT; };
/* End PBXFileReference section */

/* Begin PBXFrameworksBuildPhase section */
		1D60588F0D05DD3D006BFB54 /* Frameworks */ = {
			isa = PBXFrameworksBuildPhase;
			buildActionMask = 2147483647;
			files = (
				E41D421413B3A95300A75A5D /* libofxiOS_iphoneos_Debug.a in Frameworks */,
				1D60589F0D05DD5A006BFB54 /* Foundation.framework in Frameworks */,
				1DF5F4E00D08C38300B7A737 /* UIKit.framework in Frameworks */,
				288765FD0DF74451002DB57D /* CoreGraphics.framework in Frameworks */,
				BB16EBD20F2B2A9500518274 /* OpenGLES.framework in Frameworks */,
				BB16EBD90F2B2AB500518274 /* QuartzCore.framework in Frameworks */,
				BBE5EAB80F49AD8400F28951 /* AudioToolbox.framework in Frameworks */,
				53F323EB10A20EDB00E0DAE4 /* OpenAL.framework in Frameworks */,
				5326AEA810A23A0500278DE6 /* CoreLocation.framework in Frameworks */,
				E4A823A412561BE3002F86A2 /* CoreGraphics.framework in Frameworks */,
				8BA84AAA1ACD2DDF007278D7 /* libmysqlclient.a in Frameworks */,
				E41D400B13B39D2100A75A5D /* AVFoundation.framework in Frameworks */,
				E41D400C13B39D2100A75A5D /* CoreMedia.framework in Frameworks */,
				E41D400D13B39D2100A75A5D /* CoreVideo.framework in Frameworks */,
				E41D400E13B39D2100A75A5D /* MapKit.framework in Frameworks */,
			);
			runOnlyForDeploymentPostprocessing = 0;
		};
/* End PBXFrameworksBuildPhase section */

/* Begin PBXGroup section */
		19C28FACFE9D520D11CA2CBB /* Products */ = {
			isa = PBXGroup;
			children = (
				1D6058910D05DD3D006BFB54 /* Remote.app */,
			);
			name = Products;
			sourceTree = "<group>";
		};
		29B97314FDCFA39411CA2CEA /* CustomTemplate */ = {
			isa = PBXGroup;
			children = (
				678E130917951536005B6D19 /* Icon.png */,
				678E130717951530005B6D19 /* Icon@2x.png */,
				678E130B1795153C005B6D19 /* Default.png */,
				678E130D17951540005B6D19 /* Default@2x.png */,
				678E130F17951549005B6D19 /* Default-568h@2x~iphone.png */,
				E4D8936A11527B74007E1F53 /* src */,
				BB24E1F710DAA51900E9C588 /* openFrameworks */,
				BB16F26B0F2B646B00518274 /* addons */,
				BB16E9930F2B1E5900518274 /* libs */,
				19C28FACFE9D520D11CA2CBB /* Products */,
			);
			name = CustomTemplate;
			sourceTree = "<group>";
		};
		29B97323FDCFA39411CA2CEA /* core frameworks */ = {
			isa = PBXGroup;
			children = (
				E41D400613B39D2100A75A5D /* AVFoundation.framework */,
				E41D400713B39D2100A75A5D /* CoreMedia.framework */,
				E41D400813B39D2100A75A5D /* CoreVideo.framework */,
				E41D400913B39D2100A75A5D /* MapKit.framework */,
				53F323EA10A20EDB00E0DAE4 /* OpenAL.framework */,
				E4A823A312561BE3002F86A2 /* CoreGraphics.framework */,
				BBE5EAB70F49AD8400F28951 /* AudioToolbox.framework */,
				BB16EBD80F2B2AB500518274 /* QuartzCore.framework */,
				BB16EBD10F2B2A9500518274 /* OpenGLES.framework */,
				1DF5F4DF0D08C38300B7A737 /* UIKit.framework */,
				1D30AB110D05D00D00671497 /* Foundation.framework */,
				288765FC0DF74451002DB57D /* CoreGraphics.framework */,
				5326AEA710A23A0500278DE6 /* CoreLocation.framework */,
			);
			name = "core frameworks";
			sourceTree = "<group>";
		};
		8BA849B51ACD2DDE007278D7 /* ofxAssets */ = {
			isa = PBXGroup;
			children = (
				8BA849B61ACD2DDE007278D7 /* .gitignore */,
				8BA849CF1ACD2DDF007278D7 /* README.md */,
				8BA849D01ACD2DDF007278D7 /* src */,
			);
			name = ofxAssets;
			path = ../../../addons/ofxAssets;
			sourceTree = "<group>";
		};
		8BA849D01ACD2DDF007278D7 /* src */ = {
			isa = PBXGroup;
			children = (
				8BA849D11ACD2DDF007278D7 /* ofxAssets.cpp */,
				8BA849D21ACD2DDF007278D7 /* ofxAssets.h */,
			);
			path = src;
			sourceTree = "<group>";
		};
		8BA849D31ACD2DDF007278D7 /* ofxHomography */ = {
			isa = PBXGroup;
			children = (
				8BA849D41ACD2DDF007278D7 /* .gitignore */,
				8BA849E41ACD2DDF007278D7 /* README.md */,
				8BA849E71ACD2DDF007278D7 /* src */,
			);
			name = ofxHomography;
			path = ../../../addons/ofxHomography;
			sourceTree = "<group>";
		};
		8BA849E71ACD2DDF007278D7 /* src */ = {
			isa = PBXGroup;
			children = (
				8BA849E81ACD2DDF007278D7 /* ofxHomography.h */,
			);
			path = src;
			sourceTree = "<group>";
		};
		8BA849E91ACD2DDF007278D7 /* ofxKCTouchGui2 */ = {
			isa = PBXGroup;
			children = (
				8BA849EA1ACD2DDF007278D7 /* .gitignore */,
				8BA849EB1ACD2DDF007278D7 /* data */,
				8BA849F01ACD2DDF007278D7 /* src */,
			);
			name = ofxKCTouchGui2;
			path = ../../../addons/ofxKCTouchGui2;
			sourceTree = "<group>";
		};
		8BA849EB1ACD2DDF007278D7 /* data */ = {
			isa = PBXGroup;
			children = (
				8BA849EC1ACD2DDF007278D7 /* assets */,
			);
			path = data;
			sourceTree = "<group>";
		};
		8BA849EC1ACD2DDF007278D7 /* assets */ = {
			isa = PBXGroup;
			children = (
				8BA849ED1ACD2DDF007278D7 /* ofxKCTouchGui2 */,
			);
			path = assets;
			sourceTree = "<group>";
		};
		8BA849ED1ACD2DDF007278D7 /* ofxKCTouchGui2 */ = {
			isa = PBXGroup;
			children = (
				8BA849EE1ACD2DDF007278D7 /* fonts */,
			);
			path = ofxKCTouchGui2;
			sourceTree = "<group>";
		};
		8BA849EE1ACD2DDF007278D7 /* fonts */ = {
			isa = PBXGroup;
			children = (
				8BA849EF1ACD2DDF007278D7 /* swisop3.ttf */,
			);
			path = fonts;
			sourceTree = "<group>";
		};
		8BA849F01ACD2DDF007278D7 /* src */ = {
			isa = PBXGroup;
			children = (
				8BA849F11ACD2DDF007278D7 /* ofxKCTouchGui */,
				8BA849FF1ACD2DDF007278D7 /* ofxKCTouchGui.h */,
			);
			path = src;
			sourceTree = "<group>";
		};
		8BA849F11ACD2DDF007278D7 /* ofxKCTouchGui */ = {
			isa = PBXGroup;
			children = (
				8BA849F21ACD2DDF007278D7 /* Controller.cpp */,
				8BA849F31ACD2DDF007278D7 /* Controller.h */,
				8BA849F41ACD2DDF007278D7 /* Element.cpp */,
				8BA849F51ACD2DDF007278D7 /* Element.h */,
				8BA849F61ACD2DDF007278D7 /* Elements */,
				8BA849FD1ACD2DDF007278D7 /* Touch.cpp */,
				8BA849FE1ACD2DDF007278D7 /* Touch.h */,
			);
			path = ofxKCTouchGui;
			sourceTree = "<group>";
		};
		8BA849F61ACD2DDF007278D7 /* Elements */ = {
			isa = PBXGroup;
			children = (
				8BA849F71ACD2DDF007278D7 /* Button.cpp */,
				8BA849F81ACD2DDF007278D7 /* Button.h */,
				8BA849F91ACD2DDF007278D7 /* Canvas.cpp */,
				8BA849FA1ACD2DDF007278D7 /* Canvas.h */,
				8BA849FB1ACD2DDF007278D7 /* MultiSelect.cpp */,
				8BA849FC1ACD2DDF007278D7 /* MultiSelect.h */,
			);
			path = Elements;
			sourceTree = "<group>";
		};
		8BA84A001ACD2DDF007278D7 /* ofxMultiTouch */ = {
			isa = PBXGroup;
			children = (
				8BA84A011ACD2DDF007278D7 /* changelog.txt */,
				8BA84A021ACD2DDF007278D7 /* LICENSE.txt */,
				8BA84A031ACD2DDF007278D7 /* src */,
			);
			name = ofxMultiTouch;
			path = ../../../addons/ofxMultiTouch;
			sourceTree = "<group>";
		};
		8BA84A031ACD2DDF007278D7 /* src */ = {
			isa = PBXGroup;
			children = (
				8BA84A041ACD2DDF007278D7 /* ofxMultiTouch.cpp */,
				8BA84A051ACD2DDF007278D7 /* ofxMultiTouch.h */,
				8BA84A061ACD2DDF007278D7 /* ofxMultiTouchListener.h */,
			);
			path = src;
			sourceTree = "<group>";
		};
		8BA84A071ACD2DDF007278D7 /* ofxMySQL */ = {
			isa = PBXGroup;
			children = (
				8BA84A081ACD2DDF007278D7 /* .gitignore */,
				8BA84A091ACD2DDF007278D7 /* libs */,
				8BA84A561ACD2DDF007278D7 /* ofxMySQL.cpp */,
				8BA84A571ACD2DDF007278D7 /* ofxMySQL.h */,
				8BA84A581ACD2DDF007278D7 /* README */,
			);
			name = ofxMySQL;
			path = ../../../addons/ofxMySQL;
			sourceTree = "<group>";
		};
		8BA84A091ACD2DDF007278D7 /* libs */ = {
			isa = PBXGroup;
			children = (
				8BA84A0A1ACD2DDF007278D7 /* libmysql */,
			);
			path = libs;
			sourceTree = "<group>";
		};
		8BA84A0A1ACD2DDF007278D7 /* libmysql */ = {
			isa = PBXGroup;
			children = (
				8BA84A0B1ACD2DDF007278D7 /* include */,
				8BA84A531ACD2DDF007278D7 /* lib */,
			);
			path = libmysql;
			sourceTree = "<group>";
		};
		8BA84A0B1ACD2DDF007278D7 /* include */ = {
			isa = PBXGroup;
			children = (
				8BA84A0C1ACD2DDF007278D7 /* atomic */,
				8BA84A121ACD2DDF007278D7 /* base64.h */,
				8BA84A131ACD2DDF007278D7 /* config-win.h */,
				8BA84A141ACD2DDF007278D7 /* decimal.h */,
				8BA84A151ACD2DDF007278D7 /* errmsg.h */,
				8BA84A161ACD2DDF007278D7 /* hash.h */,
				8BA84A171ACD2DDF007278D7 /* keycache.h */,
				8BA84A181ACD2DDF007278D7 /* lf.h */,
				8BA84A191ACD2DDF007278D7 /* m_ctype.h */,
				8BA84A1A1ACD2DDF007278D7 /* m_string.h */,
				8BA84A1B1ACD2DDF007278D7 /* my_aes.h */,
				8BA84A1C1ACD2DDF007278D7 /* my_alarm.h */,
				8BA84A1D1ACD2DDF007278D7 /* my_alloc.h */,
				8BA84A1E1ACD2DDF007278D7 /* my_atomic.h */,
				8BA84A1F1ACD2DDF007278D7 /* my_attribute.h */,
				8BA84A201ACD2DDF007278D7 /* my_base.h */,
				8BA84A211ACD2DDF007278D7 /* my_bit.h */,
				8BA84A221ACD2DDF007278D7 /* my_bitmap.h */,
				8BA84A231ACD2DDF007278D7 /* my_charsets.h */,
				8BA84A241ACD2DDF007278D7 /* my_config.h */,
				8BA84A251ACD2DDF007278D7 /* my_config.h.in */,
				8BA84A261ACD2DDF007278D7 /* my_dbug.h */,
				8BA84A271ACD2DDF007278D7 /* my_dir.h */,
				8BA84A281ACD2DDF007278D7 /* my_getopt.h */,
				8BA84A291ACD2DDF007278D7 /* my_global.h */,
				8BA84A2A1ACD2DDF007278D7 /* my_libwrap.h */,
				8BA84A2B1ACD2DDF007278D7 /* my_list.h */,
				8BA84A2C1ACD2DDF007278D7 /* my_md5.h */,
				8BA84A2D1ACD2DDF007278D7 /* my_net.h */,
				8BA84A2E1ACD2DDF007278D7 /* my_no_pthread.h */,
				8BA84A2F1ACD2DDF007278D7 /* my_nosys.h */,
				8BA84A301ACD2DDF007278D7 /* my_pthread.h */,
				8BA84A311ACD2DDF007278D7 /* my_stacktrace.h */,
				8BA84A321ACD2DDF007278D7 /* my_sys.h */,
				8BA84A331ACD2DDF007278D7 /* my_time.h */,
				8BA84A341ACD2DDF007278D7 /* my_tree.h */,
				8BA84A351ACD2DDF007278D7 /* my_trie.h */,
				8BA84A361ACD2DDF007278D7 /* my_uctype.h */,
				8BA84A371ACD2DDF007278D7 /* my_vle.h */,
				8BA84A381ACD2DDF007278D7 /* my_xml.h */,
				8BA84A391ACD2DDF007278D7 /* myisampack.h */,
				8BA84A3A1ACD2DDF007278D7 /* mysql.h */,
				8BA84A3B1ACD2DDF007278D7 /* mysql.h.pp */,
				8BA84A3C1ACD2DDF007278D7 /* mysql_com.h */,
				8BA84A3D1ACD2DDF007278D7 /* mysql_time.h */,
				8BA84A3E1ACD2DDF007278D7 /* mysql_version.h */,
				8BA84A3F1ACD2DDF007278D7 /* mysql_version.h.in */,
				8BA84A401ACD2DDF007278D7 /* mysqld_error.h */,
				8BA84A411ACD2DDF007278D7 /* mysys */,
				8BA84A431ACD2DDF007278D7 /* mysys_err.h */,
				8BA84A441ACD2DDF007278D7 /* queues.h */,
				8BA84A451ACD2DDF007278D7 /* service_versions.h */,
				8BA84A461ACD2DDF007278D7 /* sha1.h */,
				8BA84A471ACD2DDF007278D7 /* sha2.h */,
				8BA84A481ACD2DDF007278D7 /* sql_common.h */,
				8BA84A491ACD2DDF007278D7 /* sslopt-case.h */,
				8BA84A4A1ACD2DDF007278D7 /* sslopt-longopts.h */,
				8BA84A4B1ACD2DDF007278D7 /* sslopt-vars.h */,
				8BA84A4C1ACD2DDF007278D7 /* t_ctype.h */,
				8BA84A4D1ACD2DDF007278D7 /* thr_alarm.h */,
				8BA84A4E1ACD2DDF007278D7 /* thr_lock.h */,
				8BA84A4F1ACD2DDF007278D7 /* typelib.h */,
				8BA84A501ACD2DDF007278D7 /* violite.h */,
				8BA84A511ACD2DDF007278D7 /* waiting_threads.h */,
				8BA84A521ACD2DDF007278D7 /* wqueue.h */,
			);
			path = include;
			sourceTree = "<group>";
		};
		8BA84A0C1ACD2DDF007278D7 /* atomic */ = {
			isa = PBXGroup;
			children = (
				8BA84A0D1ACD2DDF007278D7 /* gcc_builtins.h */,
				8BA84A0E1ACD2DDF007278D7 /* generic-msvc.h */,
				8BA84A0F1ACD2DDF007278D7 /* nolock.h */,
				8BA84A101ACD2DDF007278D7 /* rwlock.h */,
				8BA84A111ACD2DDF007278D7 /* x86-gcc.h */,
			);
			path = atomic;
			sourceTree = "<group>";
		};
		8BA84A411ACD2DDF007278D7 /* mysys */ = {
			isa = PBXGroup;
			children = (
				8BA84A421ACD2DDF007278D7 /* rijndael.h */,
			);
			path = mysys;
			sourceTree = "<group>";
		};
		8BA84A531ACD2DDF007278D7 /* lib */ = {
			isa = PBXGroup;
			children = (
				8BA84A541ACD2DDF007278D7 /* ios */,
			);
			path = lib;
			sourceTree = "<group>";
		};
		8BA84A541ACD2DDF007278D7 /* ios */ = {
			isa = PBXGroup;
			children = (
				8BA84A551ACD2DDF007278D7 /* libmysqlclient.a */,
			);
			path = ios;
			sourceTree = "<group>";
		};
		8BA84A591ACD2DDF007278D7 /* ofxOsc */ = {
			isa = PBXGroup;
			children = (
				8BA84A5A1ACD2DDF007278D7 /* libs */,
				8BA84A771ACD2DDF007278D7 /* src */,
			);
			name = ofxOsc;
			path = ../../../addons/ofxOsc;
			sourceTree = "<group>";
		};
		8BA84A5A1ACD2DDF007278D7 /* libs */ = {
			isa = PBXGroup;
			children = (
				8BA84A5B1ACD2DDF007278D7 /* oscpack */,
			);
			path = libs;
			sourceTree = "<group>";
		};
		8BA84A5B1ACD2DDF007278D7 /* oscpack */ = {
			isa = PBXGroup;
			children = (
				8BA84A5C1ACD2DDF007278D7 /* src */,
			);
			path = oscpack;
			sourceTree = "<group>";
		};
		8BA84A5C1ACD2DDF007278D7 /* src */ = {
			isa = PBXGroup;
			children = (
				8BA84A5D1ACD2DDF007278D7 /* ip */,
				8BA84A6A1ACD2DDF007278D7 /* osc */,
			);
			path = src;
			sourceTree = "<group>";
		};
		8BA84A5D1ACD2DDF007278D7 /* ip */ = {
			isa = PBXGroup;
			children = (
				8BA84A5E1ACD2DDF007278D7 /* IpEndpointName.cpp */,
				8BA84A5F1ACD2DDF007278D7 /* IpEndpointName.h */,
				8BA84A601ACD2DDF007278D7 /* NetworkingUtils.h */,
				8BA84A611ACD2DDF007278D7 /* PacketListener.h */,
				8BA84A621ACD2DDF007278D7 /* posix */,
				8BA84A651ACD2DDF007278D7 /* TimerListener.h */,
				8BA84A661ACD2DDF007278D7 /* UdpSocket.h */,
				8BA84A671ACD2DDF007278D7 /* win32 */,
			);
			path = ip;
			sourceTree = "<group>";
		};
		8BA84A621ACD2DDF007278D7 /* posix */ = {
			isa = PBXGroup;
			children = (
				8BA84A631ACD2DDF007278D7 /* NetworkingUtils.cpp */,
				8BA84A641ACD2DDF007278D7 /* UdpSocket.cpp */,
			);
			path = posix;
			sourceTree = "<group>";
		};
		8BA84A671ACD2DDF007278D7 /* win32 */ = {
			isa = PBXGroup;
			children = (
				8BA84A681ACD2DDF007278D7 /* NetworkingUtilsWin.cpp */,
				8BA84A691ACD2DDF007278D7 /* UdpSocketWin.cpp */,
			);
			path = win32;
			sourceTree = "<group>";
		};
		8BA84A6A1ACD2DDF007278D7 /* osc */ = {
			isa = PBXGroup;
			children = (
				8BA84A6B1ACD2DDF007278D7 /* MessageMappingOscPacketListener.h */,
				8BA84A6C1ACD2DDF007278D7 /* OscException.h */,
				8BA84A6D1ACD2DDF007278D7 /* OscHostEndianness.h */,
				8BA84A6E1ACD2DDF007278D7 /* OscOutboundPacketStream.cpp */,
				8BA84A6F1ACD2DDF007278D7 /* OscOutboundPacketStream.h */,
				8BA84A701ACD2DDF007278D7 /* OscPacketListener.h */,
				8BA84A711ACD2DDF007278D7 /* OscPrintReceivedElements.cpp */,
				8BA84A721ACD2DDF007278D7 /* OscPrintReceivedElements.h */,
				8BA84A731ACD2DDF007278D7 /* OscReceivedElements.cpp */,
				8BA84A741ACD2DDF007278D7 /* OscReceivedElements.h */,
				8BA84A751ACD2DDF007278D7 /* OscTypes.cpp */,
				8BA84A761ACD2DDF007278D7 /* OscTypes.h */,
			);
			path = osc;
			sourceTree = "<group>";
		};
		8BA84A771ACD2DDF007278D7 /* src */ = {
			isa = PBXGroup;
			children = (
				8BA84A781ACD2DDF007278D7 /* ofxOsc.h */,
				8BA84A791ACD2DDF007278D7 /* ofxOscArg.h */,
				8BA84A7A1ACD2DDF007278D7 /* ofxOscBundle.cpp */,
				8BA84A7B1ACD2DDF007278D7 /* ofxOscBundle.h */,
				8BA84A7C1ACD2DDF007278D7 /* ofxOscMessage.cpp */,
				8BA84A7D1ACD2DDF007278D7 /* ofxOscMessage.h */,
				8BA84A7E1ACD2DDF007278D7 /* ofxOscParameterSync.cpp */,
				8BA84A7F1ACD2DDF007278D7 /* ofxOscParameterSync.h */,
				8BA84A801ACD2DDF007278D7 /* ofxOscReceiver.cpp */,
				8BA84A811ACD2DDF007278D7 /* ofxOscReceiver.h */,
				8BA84A821ACD2DDF007278D7 /* ofxOscSender.cpp */,
				8BA84A831ACD2DDF007278D7 /* ofxOscSender.h */,
			);
			path = src;
			sourceTree = "<group>";
		};
		BB16E9930F2B1E5900518274 /* libs */ = {
			isa = PBXGroup;
			children = (
				BBE5E94E0F497BD800F28951 /* core */,
			);
			name = libs;
			sourceTree = "<group>";
		};
		BB16F26B0F2B646B00518274 /* addons */ = {
			isa = PBXGroup;
			children = (
				8BA849B51ACD2DDE007278D7 /* ofxAssets */,
				8BA849D31ACD2DDF007278D7 /* ofxHomography */,
				8BA849E91ACD2DDF007278D7 /* ofxKCTouchGui2 */,
				8BA84A001ACD2DDF007278D7 /* ofxMultiTouch */,
				8BA84A071ACD2DDF007278D7 /* ofxMySQL */,
				8BA84A591ACD2DDF007278D7 /* ofxOsc */,
			);
			name = addons;
			sourceTree = "<group>";
		};
		BB24E1F710DAA51900E9C588 /* openFrameworks */ = {
			isa = PBXGroup;
			children = (
				E41D40FD13B3A0D800A75A5D /* iOS+OFLib.xcodeproj */,
				32CA4F630368D1EE00C91783 /* ofxiOS_Prefix.pch */,
				BB24DDC910DA781C00E9C588 /* ofxiOS-Info.plist */,
				E41D3EE513B3906D00A75A5D /* CoreOF.xcconfig */,
				E41D3ED613B38FB500A75A5D /* Project.xcconfig */,
			);
			name = openFrameworks;
			sourceTree = "<group>";
		};
		BBE5E94E0F497BD800F28951 /* core */ = {
			isa = PBXGroup;
			children = (
				29B97323FDCFA39411CA2CEA /* core frameworks */,
			);
			name = core;
			sourceTree = "<group>";
		};
		E41D40FE13B3A0D800A75A5D /* Products */ = {
			isa = PBXGroup;
			children = (
				E41D410213B3A0D800A75A5D /* libofxiOS_iphoneos_Debug.a */,
			);
			name = Products;
			sourceTree = "<group>";
		};
		E4D8936A11527B74007E1F53 /* src */ = {
			isa = PBXGroup;
			children = (
				8BA84AC11ACD2EB5007278D7 /* Canvas.cpp */,
				8BA84AC21ACD2EB5007278D7 /* Canvas.h */,
				8BA84AC31ACD2EB5007278D7 /* Connection.cpp */,
				8BA84AC41ACD2EB5007278D7 /* Connection.h */,
				8BA84AC51ACD2EB5007278D7 /* Credentials.h */,
				8BA84AC61ACD2EB5007278D7 /* main.mm */,
				8BA84AC71ACD2EB5007278D7 /* ofApp.h */,
				8BA84AC81ACD2EB5007278D7 /* ofApp.mm */,
				8BA84AC91ACD2EB5007278D7 /* Quad.cpp */,
				8BA84ACA1ACD2EB5007278D7 /* Quad.h */,
				8BA84ACB1ACD2EB5007278D7 /* TypeSelection.cpp */,
				8BA84ACC1ACD2EB5007278D7 /* TypeSelection.h */,
			);
			path = src;
			sourceTree = SOURCE_ROOT;
		};
/* End PBXGroup section */

/* Begin PBXNativeTarget section */
		1D6058900D05DD3D006BFB54 /* Remote */ = {
			isa = PBXNativeTarget;
			buildConfigurationList = 1D6058960D05DD3E006BFB54 /* Build configuration list for PBXNativeTarget "Remote" */;
			buildPhases = (
				1D60588D0D05DD3D006BFB54 /* Resources */,
				1D60588E0D05DD3D006BFB54 /* Sources */,
				1D60588F0D05DD3D006BFB54 /* Frameworks */,
				9255DD331112741900D6945E /* ShellScript */,
			);
			buildRules = (
			);
			dependencies = (
				E41D410413B3A11300A75A5D /* PBXTargetDependency */,
			);
			name = Remote;
			productName = iPhone;
			productReference = 1D6058910D05DD3D006BFB54 /* Remote.app */;
			productType = "com.apple.product-type.application";
		};
/* End PBXNativeTarget section */

/* Begin PBXProject section */
		29B97313FDCFA39411CA2CEA /* Project object */ = {
			isa = PBXProject;
			attributes = {
				LastUpgradeCheck = 0460;
				TargetAttributes = {
					1D6058900D05DD3D006BFB54 = {
						DevelopmentTeam = CGB4H2337N;
					};
				};
			};
			buildConfigurationList = C01FCF4E08A954540054247B /* Build configuration list for PBXProject "Remote" */;
			compatibilityVersion = "Xcode 3.2";
			developmentRegion = English;
			hasScannedForEncodings = 1;
			knownRegions = (
				English,
				Japanese,
				French,
				German,
			);
			mainGroup = 29B97314FDCFA39411CA2CEA /* CustomTemplate */;
			projectDirPath = "";
			projectReferences = (
				{
					ProductGroup = E41D40FE13B3A0D800A75A5D /* Products */;
					ProjectRef = E41D40FD13B3A0D800A75A5D /* iOS+OFLib.xcodeproj */;
				},
			);
			projectRoot = "";
			targets = (
				1D6058900D05DD3D006BFB54 /* Remote */,
			);
		};
/* End PBXProject section */

/* Begin PBXReferenceProxy section */
		E41D410213B3A0D800A75A5D /* libofxiOS_iphoneos_Debug.a */ = {
			isa = PBXReferenceProxy;
			fileType = archive.ar;
			path = libofxiOS_iphoneos_Debug.a;
			remoteRef = E41D410113B3A0D800A75A5D /* PBXContainerItemProxy */;
			sourceTree = BUILT_PRODUCTS_DIR;
		};
/* End PBXReferenceProxy section */

/* Begin PBXResourcesBuildPhase section */
		1D60588D0D05DD3D006BFB54 /* Resources */ = {
			isa = PBXResourcesBuildPhase;
			buildActionMask = 2147483647;
			files = (
				8BA84A841ACD2DDF007278D7 /* .gitignore in Resources */,
				E41D3ED713B38FB500A75A5D /* Project.xcconfig in Resources */,
				E41D3EE613B3906D00A75A5D /* CoreOF.xcconfig in Resources */,
				8BA84AA61ACD2DDF007278D7 /* .gitignore in Resources */,
				678E130817951530005B6D19 /* Icon@2x.png in Resources */,
				8BA84AA31ACD2DDF007278D7 /* changelog.txt in Resources */,
				8BA84AA41ACD2DDF007278D7 /* LICENSE.txt in Resources */,
				678E130A17951536005B6D19 /* Icon.png in Resources */,
				678E130C1795153C005B6D19 /* Default.png in Resources */,
				8BA84AA71ACD2DDF007278D7 /* my_config.h.in in Resources */,
				678E130E17951540005B6D19 /* Default@2x.png in Resources */,
				8BA84A9C1ACD2DDF007278D7 /* swisop3.ttf in Resources */,
				8BA84A9B1ACD2DDF007278D7 /* .gitignore in Resources */,
				8BA84AA91ACD2DDF007278D7 /* mysql_version.h.in in Resources */,
				678E131017951549005B6D19 /* Default-568h@2x~iphone.png in Resources */,
				8BA84AAC1ACD2DDF007278D7 /* README in Resources */,
				8BA84A921ACD2DDF007278D7 /* .gitignore in Resources */,
			);
			runOnlyForDeploymentPostprocessing = 0;
		};
/* End PBXResourcesBuildPhase section */

/* Begin PBXShellScriptBuildPhase section */
		9255DD331112741900D6945E /* ShellScript */ = {
			isa = PBXShellScriptBuildPhase;
			buildActionMask = 2147483647;
			files = (
			);
			inputPaths = (
			);
			outputPaths = (
			);
			runOnlyForDeploymentPostprocessing = 0;
			shellPath = /bin/sh;
			shellScript = "cp -rf bin/data/ \"$TARGET_BUILD_DIR/$PRODUCT_NAME.app\"\n";
		};
/* End PBXShellScriptBuildPhase section */

/* Begin PBXSourcesBuildPhase section */
		1D60588E0D05DD3D006BFB54 /* Sources */ = {
			isa = PBXSourcesBuildPhase;
			buildActionMask = 2147483647;
			files = (
				8BA84AB01ACD2DDF007278D7 /* NetworkingUtilsWin.cpp in Sources */,
				8BA84A9E1ACD2DDF007278D7 /* Element.cpp in Sources */,
				8BA84AD11ACD2EB5007278D7 /* Quad.cpp in Sources */,
				8BA84ACD1ACD2EB5007278D7 /* Canvas.cpp in Sources */,
				8BA84AAE1ACD2DDF007278D7 /* NetworkingUtils.cpp in Sources */,
				8BA84AA11ACD2DDF007278D7 /* MultiSelect.cpp in Sources */,
				8BA84AB41ACD2DDF007278D7 /* OscReceivedElements.cpp in Sources */,
				8BA84ACF1ACD2EB5007278D7 /* main.mm in Sources */,
				8BA84AB81ACD2DDF007278D7 /* ofxOscParameterSync.cpp in Sources */,
				8BA84AA21ACD2DDF007278D7 /* Touch.cpp in Sources */,
				8BA84AD21ACD2EB5007278D7 /* TypeSelection.cpp in Sources */,
				8BA84AB71ACD2DDF007278D7 /* ofxOscMessage.cpp in Sources */,
				8BA84AAD1ACD2DDF007278D7 /* IpEndpointName.cpp in Sources */,
				8BA84AB31ACD2DDF007278D7 /* OscPrintReceivedElements.cpp in Sources */,
				8BA84ACE1ACD2EB5007278D7 /* Connection.cpp in Sources */,
				8BA84A901ACD2DDF007278D7 /* README.md in Sources */,
				8BA84AB61ACD2DDF007278D7 /* ofxOscBundle.cpp in Sources */,
				8BA84AA01ACD2DDF007278D7 /* Canvas.cpp in Sources */,
				8BA84AB51ACD2DDF007278D7 /* OscTypes.cpp in Sources */,
				8BA84A991ACD2DDF007278D7 /* README.md in Sources */,
				8BA84ABA1ACD2DDF007278D7 /* ofxOscSender.cpp in Sources */,
				8BA84AAF1ACD2DDF007278D7 /* UdpSocket.cpp in Sources */,
				8BA84A9D1ACD2DDF007278D7 /* Controller.cpp in Sources */,
				8BA84A911ACD2DDF007278D7 /* ofxAssets.cpp in Sources */,
				8BA84AD01ACD2EB5007278D7 /* ofApp.mm in Sources */,
				8BA84AA51ACD2DDF007278D7 /* ofxMultiTouch.cpp in Sources */,
				8BA84AB91ACD2DDF007278D7 /* ofxOscReceiver.cpp in Sources */,
				8BA84AAB1ACD2DDF007278D7 /* ofxMySQL.cpp in Sources */,
				8BA84AA81ACD2DDF007278D7 /* mysql.h.pp in Sources */,
				8BA84AB11ACD2DDF007278D7 /* UdpSocketWin.cpp in Sources */,
				8BA84AB21ACD2DDF007278D7 /* OscOutboundPacketStream.cpp in Sources */,
				8BA84A9F1ACD2DDF007278D7 /* Button.cpp in Sources */,
			);
			runOnlyForDeploymentPostprocessing = 0;
		};
/* End PBXSourcesBuildPhase section */

/* Begin PBXTargetDependency section */
		E41D410413B3A11300A75A5D /* PBXTargetDependency */ = {
			isa = PBXTargetDependency;
			name = "iPhone+OF Static Library";
			targetProxy = E41D410313B3A11300A75A5D /* PBXContainerItemProxy */;
		};
/* End PBXTargetDependency section */

/* Begin XCBuildConfiguration section */
		1D6058940D05DD3E006BFB54 /* Debug */ = {
			isa = XCBuildConfiguration;
			buildSettings = {
				ALWAYS_SEARCH_USER_PATHS = NO;
				CODE_SIGN_IDENTITY = "iPhone Developer";
				"CODE_SIGN_IDENTITY[sdk=iphoneos*]" = "iPhone Developer";
				GCC_PRECOMPILE_PREFIX_HEADER = YES;
				GCC_PREFIX_HEADER = ofxiOS_Prefix.pch;
				INFOPLIST_FILE = "ofxiOS-Info.plist";
				IPHONEOS_DEPLOYMENT_TARGET = 4.3;
				LIBRARY_SEARCH_PATHS = (
					"$(inherited)",
					/Users/elliot/dev/of_v0.8.4_ios_release/addons/ofxMySQL/libs/libmysql/lib/ios,
				);
				PRODUCT_NAME = Remote;
				PROVISIONING_PROFILE = "";
				TARGETED_DEVICE_FAMILY = "1,2";
				USER_HEADER_SEARCH_PATHS = ../../../addons/ofxOsc/libs/oscpack/src;
				VALID_ARCHS = "armv6 armv7";
			};
			name = Debug;
		};
		1D6058950D05DD3E006BFB54 /* Release */ = {
			isa = XCBuildConfiguration;
			buildSettings = {
				CODE_SIGN_IDENTITY = "iPhone Developer";
				"CODE_SIGN_IDENTITY[sdk=iphoneos*]" = "iPhone Developer";
				GCC_PRECOMPILE_PREFIX_HEADER = YES;
				GCC_PREFIX_HEADER = ofxiOS_Prefix.pch;
				INFOPLIST_FILE = "ofxiOS-Info.plist";
				IPHONEOS_DEPLOYMENT_TARGET = 4.3;
				LIBRARY_SEARCH_PATHS = (
					"$(inherited)",
					/Users/elliot/dev/of_v0.8.4_ios_release/addons/ofxMySQL/libs/libmysql/lib/ios,
				);
				PRODUCT_NAME = Remote;
				PROVISIONING_PROFILE = "";
				TARGETED_DEVICE_FAMILY = "1,2";
				USER_HEADER_SEARCH_PATHS = ../../../addons/ofxOsc/libs/oscpack/src;
				VALID_ARCHS = "armv6 armv7";
			};
			name = Release;
		};
		C01FCF4F08A954540054247B /* Debug */ = {
			isa = XCBuildConfiguration;
			baseConfigurationReference = E41D3ED613B38FB500A75A5D /* Project.xcconfig */;
			buildSettings = {
				ALWAYS_SEARCH_USER_PATHS = YES;
				ARCHS = "$(ARCHS_STANDARD_32_BIT)";
				CLANG_CXX_LIBRARY = "libstdc++";
				CODE_SIGN_IDENTITY = "";
				"CODE_SIGN_IDENTITY[sdk=iphoneos*]" = "iPhone Developer";
				COMPRESS_PNG_FILES = NO;
				GCC_C_LANGUAGE_STANDARD = c99;
				GCC_OPTIMIZATION_LEVEL = 0;
				GCC_SYMBOLS_PRIVATE_EXTERN = NO;
				GCC_WARN_ABOUT_INVALID_OFFSETOF_MACRO = NO;
				GCC_WARN_ABOUT_POINTER_SIGNEDNESS = NO;
				GCC_WARN_ABOUT_RETURN_TYPE = YES;
				GCC_WARN_ALLOW_INCOMPLETE_PROTOCOL = NO;
				GCC_WARN_PROTOTYPE_CONVERSION = NO;
				GCC_WARN_UNUSED_VARIABLE = YES;
				HEADER_SEARCH_PATHS = (
					"$(OF_CORE_HEADERS)",
					src,
				);
				IPHONEOS_DEPLOYMENT_TARGET = 3.1;
				ONLY_ACTIVE_ARCH = NO;
				"PROVISIONING_PROFILE[sdk=iphoneos*]" = "";
				SDKROOT = iphoneos;
				TARGETED_DEVICE_FAMILY = 1;
				WARNING_LDFLAGS = "-no_arch_warnings";
			};
			name = Debug;
		};
		C01FCF5008A954540054247B /* Release */ = {
			isa = XCBuildConfiguration;
			baseConfigurationReference = E41D3ED613B38FB500A75A5D /* Project.xcconfig */;
			buildSettings = {
				ALWAYS_SEARCH_USER_PATHS = YES;
				ARCHS = "$(ARCHS_STANDARD_32_BIT)";
				CLANG_CXX_LIBRARY = "libstdc++";
				CODE_SIGN_IDENTITY = "";
				"CODE_SIGN_IDENTITY[sdk=iphoneos*]" = "iPhone Developer";
				COMPRESS_PNG_FILES = NO;
				GCC_C_LANGUAGE_STANDARD = c99;
				GCC_DYNAMIC_NO_PIC = YES;
				GCC_GENERATE_DEBUGGING_SYMBOLS = NO;
				GCC_OPTIMIZATION_LEVEL = 3;
				GCC_SYMBOLS_PRIVATE_EXTERN = NO;
				GCC_THUMB_SUPPORT = NO;
				GCC_WARN_ABOUT_RETURN_TYPE = YES;
				GCC_WARN_UNUSED_VARIABLE = YES;
				HEADER_SEARCH_PATHS = (
					"$(OF_CORE_HEADERS)",
					src,
				);
				IPHONEOS_DEPLOYMENT_TARGET = 3.1;
				ONLY_ACTIVE_ARCH = NO;
				SDKROOT = iphoneos;
				TARGETED_DEVICE_FAMILY = 1;
				WARNING_LDFLAGS = "-no_arch_warnings";
			};
			name = Release;
		};
/* End XCBuildConfiguration section */

/* Begin XCConfigurationList section */
		1D6058960D05DD3E006BFB54 /* Build configuration list for PBXNativeTarget "Remote" */ = {
			isa = XCConfigurationList;
			buildConfigurations = (
				1D6058940D05DD3E006BFB54 /* Debug */,
				1D6058950D05DD3E006BFB54 /* Release */,
			);
			defaultConfigurationIsVisible = 0;
			defaultConfigurationName = Release;
		};
		C01FCF4E08A954540054247B /* Build configuration list for PBXProject "Remote" */ = {
			isa = XCConfigurationList;
			buildConfigurations = (
				C01FCF4F08A954540054247B /* Debug */,
				C01FCF5008A954540054247B /* Release */,
			);
			defaultConfigurationIsVisible = 0;
			defaultConfigurationName = Release;
		};
/* End XCConfigurationList section */
	};
	rootObject = 29B97313FDCFA39411CA2CEA /* Project object */;
}
